
Microsoft Visual Studio Solution File, Format Version 12.00
# Visual Studio 2012
Project("{FAE04EC0-301F-11D3-BF4B-00C04F79EFBC}") = "VrCalibration", "VrCalibration\VrCalibration\VrCalibration.csproj", "{B5089CDD-541E-45B9-AD14-0CA913D6907E}"
EndProject
Global
	GlobalSection(SolutionConfigurationPlatforms) = preSolution
		Debug|Any CPU = Debug|Any CPU
		Debug|Mixed Platforms = Debug|Mixed Platforms
		Debug|Windows Phone = Debug|Windows Phone
		Release|Any CPU = Release|Any CPU
		Release|Mixed Platforms = Release|Mixed Platforms
		Release|Windows Phone = Release|Windows Phone
	EndGlobalSection
	GlobalSection(ProjectConfigurationPlatforms) = postSolution
		{B5089CDD-541E-45B9-AD14-0CA913D6907E}.Debug|Any CPU.ActiveCfg = Debug|Any CPU
		{B5089CDD-541E-45B9-AD14-0CA913D6907E}.Debug|Any CPU.Build.0 = Debug|Any CPU
		{B5089CDD-541E-45B9-AD14-0CA913D6907E}.Debug|Any CPU.Deploy.0 = Debug|Any CPU
		{B5089CDD-541E-45B9-AD14-0CA913D6907E}.Debug|Mixed Platforms.ActiveCfg = Debug|Any CPU
		{B5089CDD-541E-45B9-AD14-0CA913D6907E}.Debug|Mixed Platforms.Build.0 = Debug|Any CPU
		{B5089CDD-541E-45B9-AD14-0CA913D6907E}.Debug|Mixed Platforms.Deploy.0 = Debug|Any CPU
		{B5089CDD-541E-45B9-AD14-0CA913D6907E}.Debug|Windows Phone.ActiveCfg = Debug|Any CPU
		{B5089CDD-541E-45B9-AD14-0CA913D6907E}.Release|Any CPU.ActiveCfg = Release|Any CPU
		{B5089CDD-541E-45B9-AD14-0CA913D6907E}.Release|Any CPU.Build.0 = Release|Any CPU
		{B5089CDD-541E-45B9-AD14-0CA913D6907E}.Release|Any CPU.Deploy.0 = Release|Any CPU
		{B5089CDD-541E-45B9-AD14-0CA913D6907E}.Release|Mixed Platforms.ActiveCfg = Release|Any CPU
		{B5089CDD-541E-45B9-AD14-0CA913D6907E}.Release|Mixed Platforms.Build.0 = Release|Any CPU
		{B5089CDD-541E-45B9-AD14-0CA913D6907E}.Release|Mixed Platforms.Deploy.0 = Release|Any CPU
		{B5089CDD-541E-45B9-AD14-0CA913D6907E}.Release|Windows Phone.ActiveCfg = Release|Any CPU
	EndGlobalSection
	GlobalSection(SolutionProperties) = preSolution
		HideSolutionNode = FALSE
	EndGlobalSection
EndGlobal
